
Microsoft Visual Studio Solution File, Format Version 12.00
# Visual Studio 2017
Project("{FAE04EC0-301F-11D3-BF4B-00C04F79EFBC}") = "Armed", "Armed.csproj", "{3C571D66-1839-F9FC-1632-EFF0C281E817}"
EndProject
Global
	GlobalSection(SolutionConfigurationPlatforms) = preSolution
		Debug|Any CPU = Debug|Any CPU
		Release|Any CPU = Release|Any CPU
	EndGlobalSection
	GlobalSection(ProjectConfigurationPlatforms) = postSolution
		{3C571D66-1839-F9FC-1632-EFF0C281E817}.Debug|Any CPU.ActiveCfg = Debug|Any CPU
		{3C571D66-1839-F9FC-1632-EFF0C281E817}.Debug|Any CPU.Build.0 = Debug|Any CPU
		{3C571D66-1839-F9FC-1632-EFF0C281E817}.Release|Any CPU.ActiveCfg = Release|Any CPU
		{3C571D66-1839-F9FC-1632-EFF0C281E817}.Release|Any CPU.Build.0 = Release|Any CPU
	EndGlobalSection
	GlobalSection(SolutionProperties) = preSolution
		HideSolutionNode = FALSE
	EndGlobalSection
EndGlobal
